# THIS IS AN AUTOGENERATED FILE. DO NOT EDIT THIS FILE DIRECTLY.
# yarn lockfile v1


"@rails/actioncable@^6.0.0":
  "integrity" "sha512-F6S74NGpxhbbDRFsQFGYqefRfZPgYvePNtz9hHKYOqLturrsqrDoG+UcrxEGHsvqDUorMYfx4Wl3K8smmk/u2g=="
  "resolved" "https://registry.npmjs.org/@rails/actioncable/-/actioncable-6.1.7.tgz"
  "version" "6.1.7"

"@rails/activestorage@^6.0.0":
  "integrity" "sha512-h++k8LBLns4O8AqzdaFp1TsCLP9VSc2hgWI37bjzJ+4D995X7Rd8kdkRmXRaNAUlHDJgy6RpnbhBJ5oiIgWTDw=="
  "resolved" "https://registry.npmjs.org/@rails/activestorage/-/activestorage-6.1.7.tgz"
  "version" "6.1.7"
  dependencies:
    "spark-md5" "^3.0.0"

"@rails/ujs@^6.0.0":
  "integrity" "sha512-0e7WQ4LE/+LEfW2zfAw9ppsB6A8RmxbdAUPAF++UT80epY+7emuQDkKXmaK0a9lp6An50RvzezI0cIQjp1A58w=="
  "resolved" "https://registry.npmjs.org/@rails/ujs/-/ujs-6.1.7.tgz"
  "version" "6.1.7"

"spark-md5@^3.0.0":
  "integrity" "sha512-wcFzz9cDfbuqe0FZzfi2or1sgyIrsDwmPwfZC4hiNidPdPINjeUwNfv5kldczoEAcjl9Y1L3SM7Uz2PUEQzxQw=="
  "resolved" "https://registry.npmjs.org/spark-md5/-/spark-md5-3.0.2.tgz"
  "version" "3.0.2"

"turbolinks@^5.2.0":
  "integrity" "sha512-pMiez3tyBo6uRHFNNZoYMmrES/IaGgMhQQM+VFF36keryjb5ms0XkVpmKHkfW/4Vy96qiGW3K9bz0tF5sK9bBw=="
  "resolved" "https://registry.npmjs.org/turbolinks/-/turbolinks-5.2.0.tgz"
  "version" "5.2.0"
